
Microsoft Visual Studio Solution File, Format Version 12.00
# Visual Studio Version 17
VisualStudioVersion = 17.14.36310.24 d17.14
MinimumVisualStudioVersion = 10.0.40219.1
Project("{FAE04EC0-301F-11D3-BF4B-00C04F79EFBC}") = "ConcatSources", "ConcatSources\ConcatSources.csproj", "{3A76959C-D1AF-4631-A28B-1272DE181EA5}"
EndProject
Global
	GlobalSection(SolutionConfigurationPlatforms) = preSolution
		Debug|Any CPU = Debug|Any CPU
		Release|Any CPU = Release|Any CPU
	EndGlobalSection
	GlobalSection(ProjectConfigurationPlatforms) = postSolution
		{3A76959C-D1AF-4631-A28B-1272DE181EA5}.Debug|Any CPU.ActiveCfg = Debug|Any CPU
		{3A76959C-D1AF-4631-A28B-1272DE181EA5}.Debug|Any CPU.Build.0 = Debug|Any CPU
		{3A76959C-D1AF-4631-A28B-1272DE181EA5}.Release|Any CPU.ActiveCfg = Release|Any CPU
		{3A76959C-D1AF-4631-A28B-1272DE181EA5}.Release|Any CPU.Build.0 = Release|Any CPU
	EndGlobalSection
	GlobalSection(SolutionProperties) = preSolution
		HideSolutionNode = FALSE
	EndGlobalSection
	GlobalSection(ExtensibilityGlobals) = postSolution
		SolutionGuid = {048F9050-A753-47D1-BC75-F083A868DF83}
	EndGlobalSection
EndGlobal
